
Microsoft Visual Studio Solution File, Format Version 12.00
# Visual Studio Version 17
VisualStudioVersion = 17.9.34728.123
MinimumVisualStudioVersion = 10.0.40219.1
Project("{9A19103F-16F7-4668-BE54-9A1E7A4F7556}") = "webRestaurantBS", "webRestaurantBS\webRestaurantBS.csproj", "{A1524030-E481-4602-9BBE-7CADC5F63C09}"
EndProject
Project("{2150E333-8FDC-42A3-9474-1A3956D46DE8}") = "Solution Items", "Solution Items", "{869B9A86-B10D-49B4-A073-622F4AE92761}"
	ProjectSection(SolutionItems) = preProject
		.editorconfig = .editorconfig
	EndProjectSection
EndProject
Global
	GlobalSection(SolutionConfigurationPlatforms) = preSolution
		Debug|Any CPU = Debug|Any CPU
		Release|Any CPU = Release|Any CPU
	EndGlobalSection
	GlobalSection(ProjectConfigurationPlatforms) = postSolution
		{A1524030-E481-4602-9BBE-7CADC5F63C09}.Debug|Any CPU.ActiveCfg = Debug|Any CPU
		{A1524030-E481-4602-9BBE-7CADC5F63C09}.Debug|Any CPU.Build.0 = Debug|Any CPU
		{A1524030-E481-4602-9BBE-7CADC5F63C09}.Release|Any CPU.ActiveCfg = Release|Any CPU
		{A1524030-E481-4602-9BBE-7CADC5F63C09}.Release|Any CPU.Build.0 = Release|Any CPU
	EndGlobalSection
	GlobalSection(SolutionProperties) = preSolution
		HideSolutionNode = FALSE
	EndGlobalSection
	GlobalSection(ExtensibilityGlobals) = postSolution
		SolutionGuid = {071A77DB-302E-4A00-B011-1F16C77F52BD}
	EndGlobalSection
EndGlobal
